
Microsoft Visual Studio Solution File, Format Version 12.00
# Visual Studio Version 16
VisualStudioVersion = 16.0.30907.101
MinimumVisualStudioVersion = 10.0.40219.1
Project("{FAE04EC0-301F-11D3-BF4B-00C04F79EFBC}") = "test zum lernen 2", "test zum lernen 2\test zum lernen 2.csproj", "{F9271818-4E6B-485F-BC83-22FDABD2AE28}"
EndProject
Global
	GlobalSection(SolutionConfigurationPlatforms) = preSolution
		Debug|Any CPU = Debug|Any CPU
		Release|Any CPU = Release|Any CPU
	EndGlobalSection
	GlobalSection(ProjectConfigurationPlatforms) = postSolution
		{F9271818-4E6B-485F-BC83-22FDABD2AE28}.Debug|Any CPU.ActiveCfg = Debug|Any CPU
		{F9271818-4E6B-485F-BC83-22FDABD2AE28}.Debug|Any CPU.Build.0 = Debug|Any CPU
		{F9271818-4E6B-485F-BC83-22FDABD2AE28}.Release|Any CPU.ActiveCfg = Release|Any CPU
		{F9271818-4E6B-485F-BC83-22FDABD2AE28}.Release|Any CPU.Build.0 = Release|Any CPU
	EndGlobalSection
	GlobalSection(SolutionProperties) = preSolution
		HideSolutionNode = FALSE
	EndGlobalSection
	GlobalSection(ExtensibilityGlobals) = postSolution
		SolutionGuid = {270E9C87-3792-41A9-B082-F252DBC130EA}
	EndGlobalSection
EndGlobal
